// !$*UTF8*$!
{
	archiveVersion = 1;
	classes = {
	};
	objectVersion = 50;
	objects = {

/* Begin PBXBuildFile section */
		9100AC4124CB29A300EE6CD0 /* AppDelegate.swift in Sources */ = {isa = PBXBuildFile; fileRef = 9100AC4024CB29A300EE6CD0 /* AppDelegate.swift */; };
		9100AC4924CB29A300EE6CD0 /* ViewController.swift in Sources */ = {isa = PBXBuildFile; fileRef = 9100AC4824CB29A300EE6CD0 /* ViewController.swift */; };
		9100AC4B24CB29A900EE6CD0 /* Assets.xcassets in Resources */ = {isa = PBXBuildFile; fileRef = 9100AC4A24CB29A900EE6CD0 /* Assets.xcassets */; };
		9100AC4E24CB29A900EE6CD0 /* Main.storyboard in Resources */ = {isa = PBXBuildFile; fileRef = 9100AC4C24CB29A900EE6CD0 /* Main.storyboard */; };
		9100AC5724CB2BD700EE6CD0 /* World.swift in Sources */ = {isa = PBXBuildFile; fileRef = 9100AC5624CB2BD700EE6CD0 /* World.swift */; };
		9100AC5924CB2BFD00EE6CD0 /* World.sks in Resources */ = {isa = PBXBuildFile; fileRef = 9100AC5824CB2BFD00EE6CD0 /* World.sks */; };
		913B77D724CD77CC003D1ABD /* Catalina Avalon Sans W01 Rg.ttf in Resources */ = {isa = PBXBuildFile; fileRef = 913B77D624CD77CC003D1ABD /* Catalina Avalon Sans W01 Rg.ttf */; };
		913B77D924CD7A0E003D1ABD /* Car.swift in Sources */ = {isa = PBXBuildFile; fileRef = 913B77D824CD7A0E003D1ABD /* Car.swift */; };
/* End PBXBuildFile section */

/* Begin PBXFileReference section */
		9100AC3D24CB29A300EE6CD0 /* Mi-Ni.app */ = {isa = PBXFileReference; explicitFileType = wrapper.application; includeInIndex = 0; path = "Mi-Ni.app"; sourceTree = BUILT_PRODUCTS_DIR; };
		9100AC4024CB29A300EE6CD0 /* AppDelegate.swift */ = {isa = PBXFileReference; lastKnownFileType = sourcecode.swift; path = AppDelegate.swift; sourceTree = "<group>"; };
		9100AC4824CB29A300EE6CD0 /* ViewController.swift */ = {isa = PBXFileReference; lastKnownFileType = sourcecode.swift; path = ViewController.swift; sourceTree = "<group>"; };
		9100AC4A24CB29A900EE6CD0 /* Assets.xcassets */ = {isa = PBXFileReference; lastKnownFileType = folder.assetcatalog; path = Assets.xcassets; sourceTree = "<group>"; };
		9100AC4D24CB29A900EE6CD0 /* Base */ = {isa = PBXFileReference; lastKnownFileType = file.storyboard; name = Base; path = Base.lproj/Main.storyboard; sourceTree = "<group>"; };
		9100AC4F24CB29A900EE6CD0 /* Info.plist */ = {isa = PBXFileReference; lastKnownFileType = text.plist.xml; path = Info.plist; sourceTree = "<group>"; };
		9100AC5024CB29A900EE6CD0 /* Mi_Ni.entitlements */ = {isa = PBXFileReference; lastKnownFileType = text.plist.entitlements; path = Mi_Ni.entitlements; sourceTree = "<group>"; };
		9100AC5624CB2BD700EE6CD0 /* World.swift */ = {isa = PBXFileReference; lastKnownFileType = sourcecode.swift; path = World.swift; sourceTree = "<group>"; };
		9100AC5824CB2BFD00EE6CD0 /* World.sks */ = {isa = PBXFileReference; lastKnownFileType = file.sks; path = World.sks; sourceTree = "<group>"; };
		913B77D624CD77CC003D1ABD /* Catalina Avalon Sans W01 Rg.ttf */ = {isa = PBXFileReference; lastKnownFileType = file; path = "Catalina Avalon Sans W01 Rg.ttf"; sourceTree = "<group>"; };
		913B77D824CD7A0E003D1ABD /* Car.swift */ = {isa = PBXFileReference; lastKnownFileType = sourcecode.swift; path = Car.swift; sourceTree = "<group>"; };
/* End PBXFileReference section */

/* Begin PBXFrameworksBuildPhase section */
		9100AC3A24CB29A200EE6CD0 /* Frameworks */ = {
			isa = PBXFrameworksBuildPhase;
			buildActionMask = 2147483647;
			files = (
			);
			runOnlyForDeploymentPostprocessing = 0;
		};
/* End PBXFrameworksBuildPhase section */

/* Begin PBXGroup section */
		9100AC3424CB29A200EE6CD0 = {
			isa = PBXGroup;
			children = (
				9100AC3F24CB29A300EE6CD0 /* Mi-Ni */,
				9100AC3E24CB29A300EE6CD0 /* Products */,
			);
			sourceTree = "<group>";
		};
		9100AC3E24CB29A300EE6CD0 /* Products */ = {
			isa = PBXGroup;
			children = (
				9100AC3D24CB29A300EE6CD0 /* Mi-Ni.app */,
			);
			name = Products;
			sourceTree = "<group>";
		};
		9100AC3F24CB29A300EE6CD0 /* Mi-Ni */ = {
			isa = PBXGroup;
			children = (
				9100AC4024CB29A300EE6CD0 /* AppDelegate.swift */,
				9100AC5824CB2BFD00EE6CD0 /* World.sks */,
				9100AC5624CB2BD700EE6CD0 /* World.swift */,
				913B77D824CD7A0E003D1ABD /* Car.swift */,
				9100AC4824CB29A300EE6CD0 /* ViewController.swift */,
				9100AC4A24CB29A900EE6CD0 /* Assets.xcassets */,
				913B77D624CD77CC003D1ABD /* Catalina Avalon Sans W01 Rg.ttf */,
				9100AC4C24CB29A900EE6CD0 /* Main.storyboard */,
				9100AC4F24CB29A900EE6CD0 /* Info.plist */,
				9100AC5024CB29A900EE6CD0 /* Mi_Ni.entitlements */,
			);
			path = "Mi-Ni";
			sourceTree = "<group>";
		};
/* End PBXGroup section */

/* Begin PBXNativeTarget section */
		9100AC3C24CB29A200EE6CD0 /* Mi-Ni */ = {
			isa = PBXNativeTarget;
			buildConfigurationList = 9100AC5324CB29A900EE6CD0 /* Build configuration list for PBXNativeTarget "Mi-Ni" */;
			buildPhases = (
				9100AC3924CB29A200EE6CD0 /* Sources */,
				9100AC3A24CB29A200EE6CD0 /* Frameworks */,
				9100AC3B24CB29A200EE6CD0 /* Resources */,
			);
			buildRules = (
			);
			dependencies = (
			);
			name = "Mi-Ni";
			productName = "Mi-Ni";
			productReference = 9100AC3D24CB29A300EE6CD0 /* Mi-Ni.app */;
			productType = "com.apple.product-type.application";
		};
/* End PBXNativeTarget section */

/* Begin PBXProject section */
		9100AC3524CB29A200EE6CD0 /* Project object */ = {
			isa = PBXProject;
			attributes = {
				LastSwiftUpdateCheck = 1160;
				LastUpgradeCheck = 1160;
				ORGANIZATIONNAME = "Daniel Marriner";
				TargetAttributes = {
					9100AC3C24CB29A200EE6CD0 = {
						CreatedOnToolsVersion = 11.6;
					};
				};
			};
			buildConfigurationList = 9100AC3824CB29A200EE6CD0 /* Build configuration list for PBXProject "Mi-Ni" */;
			compatibilityVersion = "Xcode 9.3";
			developmentRegion = en;
			hasScannedForEncodings = 0;
			knownRegions = (
				en,
				Base,
			);
			mainGroup = 9100AC3424CB29A200EE6CD0;
			productRefGroup = 9100AC3E24CB29A300EE6CD0 /* Products */;
			projectDirPath = "";
			projectRoot = "";
			targets = (
				9100AC3C24CB29A200EE6CD0 /* Mi-Ni */,
			);
		};
/* End PBXProject section */

/* Begin PBXResourcesBuildPhase section */
		9100AC3B24CB29A200EE6CD0 /* Resources */ = {
			isa = PBXResourcesBuildPhase;
			buildActionMask = 2147483647;
			files = (
				913B77D724CD77CC003D1ABD /* Catalina Avalon Sans W01 Rg.ttf in Resources */,
				9100AC4B24CB29A900EE6CD0 /* Assets.xcassets in Resources */,
				9100AC5924CB2BFD00EE6CD0 /* World.sks in Resources */,
				9100AC4E24CB29A900EE6CD0 /* Main.storyboard in Resources */,
			);
			runOnlyForDeploymentPostprocessing = 0;
		};
/* End PBXResourcesBuildPhase section */

/* Begin PBXSourcesBuildPhase section */
		9100AC3924CB29A200EE6CD0 /* Sources */ = {
			isa = PBXSourcesBuildPhase;
			buildActionMask = 2147483647;
			files = (
				9100AC4924CB29A300EE6CD0 /* ViewController.swift in Sources */,
				913B77D924CD7A0E003D1ABD /* Car.swift in Sources */,
				9100AC5724CB2BD700EE6CD0 /* World.swift in Sources */,
				9100AC4124CB29A300EE6CD0 /* AppDelegate.swift in Sources */,
			);
			runOnlyForDeploymentPostprocessing = 0;
		};
/* End PBXSourcesBuildPhase section */

/* Begin PBXVariantGroup section */
		9100AC4C24CB29A900EE6CD0 /* Main.storyboard */ = {
			isa = PBXVariantGroup;
			children = (
				9100AC4D24CB29A900EE6CD0 /* Base */,
			);
			name = Main.storyboard;
			sourceTree = "<group>";
		};
/* End PBXVariantGroup section */

/* Begin XCBuildConfiguration section */
		9100AC5124CB29A900EE6CD0 /* Debug */ = {
			isa = XCBuildConfiguration;
			buildSettings = {
				ALWAYS_SEARCH_USER_PATHS = NO;
				CLANG_ANALYZER_NONNULL = YES;
				CLANG_ANALYZER_NUMBER_OBJECT_CONVERSION = YES_AGGRESSIVE;
				CLANG_CXX_LANGUAGE_STANDARD = "gnu++14";
				CLANG_CXX_LIBRARY = "libc++";
				CLANG_ENABLE_MODULES = YES;
				CLANG_ENABLE_OBJC_ARC = YES;
				CLANG_ENABLE_OBJC_WEAK = YES;
				CLANG_WARN_BLOCK_CAPTURE_AUTORELEASING = YES;
				CLANG_WARN_BOOL_CONVERSION = YES;
				CLANG_WARN_COMMA = YES;
				CLANG_WARN_CONSTANT_CONVERSION = YES;
				CLANG_WARN_DEPRECATED_OBJC_IMPLEMENTATIONS = YES;
				CLANG_WARN_DIRECT_OBJC_ISA_USAGE = YES_ERROR;
				CLANG_WARN_DOCUMENTATION_COMMENTS = YES;
				CLANG_WARN_EMPTY_BODY = YES;
				CLANG_WARN_ENUM_CONVERSION = YES;
				CLANG_WARN_INFINITE_RECURSION = YES;
				CLANG_WARN_INT_CONVERSION = YES;
				CLANG_WARN_NON_LITERAL_NULL_CONVERSION = YES;
				CLANG_WARN_OBJC_IMPLICIT_RETAIN_SELF = YES;
				CLANG_WARN_OBJC_LITERAL_CONVERSION = YES;
				CLANG_WARN_OBJC_ROOT_CLASS = YES_ERROR;
				CLANG_WARN_RANGE_LOOP_ANALYSIS = YES;
				CLANG_WARN_STRICT_PROTOTYPES = YES;
				CLANG_WARN_SUSPICIOUS_MOVE = YES;
				CLANG_WARN_UNGUARDED_AVAILABILITY = YES_AGGRESSIVE;
				CLANG_WARN_UNREACHABLE_CODE = YES;
				CLANG_WARN__DUPLICATE_METHOD_MATCH = YES;
				COPY_PHASE_STRIP = NO;
				DEBUG_INFORMATION_FORMAT = dwarf;
				ENABLE_STRICT_OBJC_MSGSEND = YES;
				ENABLE_TESTABILITY = YES;
				GCC_C_LANGUAGE_STANDARD = gnu11;
				GCC_DYNAMIC_NO_PIC = NO;
				GCC_NO_COMMON_BLOCKS = YES;
				GCC_OPTIMIZATION_LEVEL = 0;
				GCC_PREPROCESSOR_DEFINITIONS = (
					"DEBUG=1",
					"$(inherited)",
				);
				GCC_WARN_64_TO_32_BIT_CONVERSION = YES;
				GCC_WARN_ABOUT_RETURN_TYPE = YES_ERROR;
				GCC_WARN_UNDECLARED_SELECTOR = YES;
				GCC_WARN_UNINITIALIZED_AUTOS = YES_AGGRESSIVE;
				GCC_WARN_UNUSED_FUNCTION = YES;
				GCC_WARN_UNUSED_VARIABLE = YES;
				MACOSX_DEPLOYMENT_TARGET = 10.15;
				MTL_ENABLE_DEBUG_INFO = INCLUDE_SOURCE;
				MTL_FAST_MATH = YES;
				ONLY_ACTIVE_ARCH = YES;
				SDKROOT = macosx;
				SWIFT_ACTIVE_COMPILATION_CONDITIONS = DEBUG;
				SWIFT_OPTIMIZATION_LEVEL = "-Onone";
			};
			name = Debug;
		};
		9100AC5224CB29A900EE6CD0 /* Release */ = {
			isa = XCBuildConfiguration;
			buildSettings = {
				ALWAYS_SEARCH_USER_PATHS = NO;
				CLANG_ANALYZER_NONNULL = YES;
				CLANG_ANALYZER_NUMBER_OBJECT_CONVERSION = YES_AGGRESSIVE;
				CLANG_CXX_LANGUAGE_STANDARD = "gnu++14";
				CLANG_CXX_LIBRARY = "libc++";
				CLANG_ENABLE_MODULES = YES;
				CLANG_ENABLE_OBJC_ARC = YES;
				CLANG_ENABLE_OBJC_WEAK = YES;
				CLANG_WARN_BLOCK_CAPTURE_AUTORELEASING = YES;
				CLANG_WARN_BOOL_CONVERSION = YES;
				CLANG_WARN_COMMA = YES;
				CLANG_WARN_CONSTANT_CONVERSION = YES;
				CLANG_WARN_DEPRECATED_OBJC_IMPLEMENTATIONS = YES;
				CLANG_WARN_DIRECT_OBJC_ISA_USAGE = YES_ERROR;
				CLANG_WARN_DOCUMENTATION_COMMENTS = YES;
				CLANG_WARN_EMPTY_BODY = YES;
				CLANG_WARN_ENUM_CONVERSION = YES;
				CLANG_WARN_INFINITE_RECURSION = YES;
				CLANG_WARN_INT_CONVERSION = YES;
				CLANG_WARN_NON_LITERAL_NULL_CONVERSION = YES;
				CLANG_WARN_OBJC_IMPLICIT_RETAIN_SELF = YES;
				CLANG_WARN_OBJC_LITERAL_CONVERSION = YES;
				CLANG_WARN_OBJC_ROOT_CLASS = YES_ERROR;
				CLANG_WARN_RANGE_LOOP_ANALYSIS = YES;
				CLANG_WARN_STRICT_PROTOTYPES = YES;
				CLANG_WARN_SUSPICIOUS_MOVE = YES;
				CLANG_WARN_UNGUARDED_AVAILABILITY = YES_AGGRESSIVE;
				CLANG_WARN_UNREACHABLE_CODE = YES;
				CLANG_WARN__DUPLICATE_METHOD_MATCH = YES;
				COPY_PHASE_STRIP = NO;
				DEBUG_INFORMATION_FORMAT = "dwarf-with-dsym";
				ENABLE_NS_ASSERTIONS = NO;
				ENABLE_STRICT_OBJC_MSGSEND = YES;
				GCC_C_LANGUAGE_STANDARD = gnu11;
				GCC_NO_COMMON_BLOCKS = YES;
				GCC_WARN_64_TO_32_BIT_CONVERSION = YES;
				GCC_WARN_ABOUT_RETURN_TYPE = YES_ERROR;
				GCC_WARN_UNDECLARED_SELECTOR = YES;
				GCC_WARN_UNINITIALIZED_AUTOS = YES_AGGRESSIVE;
				GCC_WARN_UNUSED_FUNCTION = YES;
				GCC_WARN_UNUSED_VARIABLE = YES;
				MACOSX_DEPLOYMENT_TARGET = 10.15;
				MTL_ENABLE_DEBUG_INFO = NO;
				MTL_FAST_MATH = YES;
				SDKROOT = macosx;
				SWIFT_COMPILATION_MODE = wholemodule;
				SWIFT_OPTIMIZATION_LEVEL = "-O";
			};
			name = Release;
		};
		9100AC5424CB29A900EE6CD0 /* Debug */ = {
			isa = XCBuildConfiguration;
			buildSettings = {
				ASSETCATALOG_COMPILER_APPICON_NAME = AppIcon;
				CODE_SIGN_ENTITLEMENTS = "Mi-Ni/Mi_Ni.entitlements";
				CODE_SIGN_STYLE = Automatic;
				COMBINE_HIDPI_IMAGES = YES;
				DEVELOPMENT_TEAM = SDPTWQFVDC;
				ENABLE_HARDENED_RUNTIME = YES;
				INFOPLIST_FILE = "Mi-Ni/Info.plist";
				LD_RUNPATH_SEARCH_PATHS = (
					"$(inherited)",
					"@executable_path/../Frameworks",
				);
				PRODUCT_BUNDLE_IDENTIFIER = "anachronistic-tech.Mi-Ni";
				PRODUCT_NAME = "$(TARGET_NAME)";
				SWIFT_VERSION = 5.0;
			};
			name = Debug;
		};
		9100AC5524CB29A900EE6CD0 /* Release */ = {
			isa = XCBuildConfiguration;
			buildSettings = {
				ASSETCATALOG_COMPILER_APPICON_NAME = AppIcon;
				CODE_SIGN_ENTITLEMENTS = "Mi-Ni/Mi_Ni.entitlements";
				CODE_SIGN_STYLE = Automatic;
				COMBINE_HIDPI_IMAGES = YES;
				DEVELOPMENT_TEAM = SDPTWQFVDC;
				ENABLE_HARDENED_RUNTIME = YES;
				INFOPLIST_FILE = "Mi-Ni/Info.plist";
				LD_RUNPATH_SEARCH_PATHS = (
					"$(inherited)",
					"@executable_path/../Frameworks",
				);
				PRODUCT_BUNDLE_IDENTIFIER = "anachronistic-tech.Mi-Ni";
				PRODUCT_NAME = "$(TARGET_NAME)";
				SWIFT_VERSION = 5.0;
			};
			name = Release;
		};
/* End XCBuildConfiguration section */

/* Begin XCConfigurationList section */
		9100AC3824CB29A200EE6CD0 /* Build configuration list for PBXProject "Mi-Ni" */ = {
			isa = XCConfigurationList;
			buildConfigurations = (
				9100AC5124CB29A900EE6CD0 /* Debug */,
				9100AC5224CB29A900EE6CD0 /* Release */,
			);
			defaultConfigurationIsVisible = 0;
			defaultConfigurationName = Release;
		};
		9100AC5324CB29A900EE6CD0 /* Build configuration list for PBXNativeTarget "Mi-Ni" */ = {
			isa = XCConfigurationList;
			buildConfigurations = (
				9100AC5424CB29A900EE6CD0 /* Debug */,
				9100AC5524CB29A900EE6CD0 /* Release */,
			);
			defaultConfigurationIsVisible = 0;
			defaultConfigurationName = Release;
		};
/* End XCConfigurationList section */
	};
	rootObject = 9100AC3524CB29A200EE6CD0 /* Project object */;
}
